
Microsoft Visual Studio Solution File, Format Version 12.00
# Visual Studio Version 17
VisualStudioVersion = 17.3.32804.467
MinimumVisualStudioVersion = 10.0.40219.1
Project("{2150E333-8FDC-42A3-9474-1A3956D46DE8}") = "src", "src", "{0A518DEE-3855-425A-A56E-E1BA24B914E4}"
EndProject
Project("{2150E333-8FDC-42A3-9474-1A3956D46DE8}") = "tests", "tests", "{D5F13FD1-7F74-48F0-A31E-6AD62DB18F3B}"
EndProject
Project("{2150E333-8FDC-42A3-9474-1A3956D46DE8}") = "corePackages", "corePackages", "{4419D7F1-7C09-471A-AFCA-5198E0D9C19A}"
EndProject
Project("{9A19103F-16F7-4668-BE54-9A1E7A4F7556}") = "Core.Application", "src\corePackages\Core.Application\Core.Application.csproj", "{14AA5044-92C9-4508-A93D-E8728023C0A6}"
EndProject
Project("{9A19103F-16F7-4668-BE54-9A1E7A4F7556}") = "Core.CrossCuttingConcerns", "src\corePackages\Core.CrossCuttingConcers\Core.CrossCuttingConcerns.csproj", "{44F29BFD-763D-40BC-B939-538E6603BC47}"
EndProject
Project("{9A19103F-16F7-4668-BE54-9A1E7A4F7556}") = "Core.ElasticSearch", "src\corePackages\Core.ElasticSearch\Core.ElasticSearch.csproj", "{6AE6DEE8-0FE2-4E59-BA9D-641BAFC59DAE}"
EndProject
Project("{9A19103F-16F7-4668-BE54-9A1E7A4F7556}") = "Core.Mailing", "src\corePackages\Core.Mailing\Core.Mailing.csproj", "{8F24ED9C-549A-46FA-8FAC-30193B04AD06}"
EndProject
Project("{9A19103F-16F7-4668-BE54-9A1E7A4F7556}") = "Core.Persistence", "src\corePackages\Core.Persistence\Core.Persistence.csproj", "{1E92237F-3A46-4E2A-B3CF-507293F159AC}"
EndProject
Project("{9A19103F-16F7-4668-BE54-9A1E7A4F7556}") = "Core.Security", "src\corePackages\Core.Security\Core.Security.csproj", "{272ECA5E-45E4-46D2-82BC-794C4F3CE4DB}"
EndProject
Project("{2150E333-8FDC-42A3-9474-1A3956D46DE8}") = "kodlamaIoDevs", "kodlamaIoDevs", "{E9ECA314-724C-4300-A908-E17537C8D9E0}"
EndProject
Project("{FAE04EC0-301F-11D3-BF4B-00C04F79EFBC}") = "Application", "src\kodlamaIoDevs\Application\Application.csproj", "{9E38609C-10E6-4671-8D38-C08093EE5E9B}"
EndProject
Project("{FAE04EC0-301F-11D3-BF4B-00C04F79EFBC}") = "Persistance", "src\kodlamaIoDevs\Persistance\Persistance.csproj", "{070C13E6-6BBD-4B6C-9453-484781D6982D}"
EndProject
Project("{FAE04EC0-301F-11D3-BF4B-00C04F79EFBC}") = "Domain", "src\kodlamaIoDevs\Domain\Domain.csproj", "{DF4E99E7-1E98-4A3E-94A6-73151A42FD62}"
EndProject
Project("{FAE04EC0-301F-11D3-BF4B-00C04F79EFBC}") = "Infrastructure", "src\kodlamaIoDevs\Infrastructure\Infrastructure.csproj", "{144581A6-3720-4374-8E9A-3D94CD58AAF8}"
EndProject
Project("{FAE04EC0-301F-11D3-BF4B-00C04F79EFBC}") = "WebAPI", "src\kodlamaIoDevs\WebAPI\WebAPI.csproj", "{309A9DD1-2D28-4015-BC69-0733DD27EC9B}"
EndProject
Global
	GlobalSection(SolutionConfigurationPlatforms) = preSolution
		Debug|Any CPU = Debug|Any CPU
		Release|Any CPU = Release|Any CPU
	EndGlobalSection
	GlobalSection(ProjectConfigurationPlatforms) = postSolution
		{14AA5044-92C9-4508-A93D-E8728023C0A6}.Debug|Any CPU.ActiveCfg = Debug|Any CPU
		{14AA5044-92C9-4508-A93D-E8728023C0A6}.Debug|Any CPU.Build.0 = Debug|Any CPU
		{14AA5044-92C9-4508-A93D-E8728023C0A6}.Release|Any CPU.ActiveCfg = Release|Any CPU
		{14AA5044-92C9-4508-A93D-E8728023C0A6}.Release|Any CPU.Build.0 = Release|Any CPU
		{44F29BFD-763D-40BC-B939-538E6603BC47}.Debug|Any CPU.ActiveCfg = Debug|Any CPU
		{44F29BFD-763D-40BC-B939-538E6603BC47}.Debug|Any CPU.Build.0 = Debug|Any CPU
		{44F29BFD-763D-40BC-B939-538E6603BC47}.Release|Any CPU.ActiveCfg = Release|Any CPU
		{44F29BFD-763D-40BC-B939-538E6603BC47}.Release|Any CPU.Build.0 = Release|Any CPU
		{6AE6DEE8-0FE2-4E59-BA9D-641BAFC59DAE}.Debug|Any CPU.ActiveCfg = Debug|Any CPU
		{6AE6DEE8-0FE2-4E59-BA9D-641BAFC59DAE}.Debug|Any CPU.Build.0 = Debug|Any CPU
		{6AE6DEE8-0FE2-4E59-BA9D-641BAFC59DAE}.Release|Any CPU.ActiveCfg = Release|Any CPU
		{6AE6DEE8-0FE2-4E59-BA9D-641BAFC59DAE}.Release|Any CPU.Build.0 = Release|Any CPU
		{8F24ED9C-549A-46FA-8FAC-30193B04AD06}.Debug|Any CPU.ActiveCfg = Debug|Any CPU
		{8F24ED9C-549A-46FA-8FAC-30193B04AD06}.Debug|Any CPU.Build.0 = Debug|Any CPU
		{8F24ED9C-549A-46FA-8FAC-30193B04AD06}.Release|Any CPU.ActiveCfg = Release|Any CPU
		{8F24ED9C-549A-46FA-8FAC-30193B04AD06}.Release|Any CPU.Build.0 = Release|Any CPU
		{1E92237F-3A46-4E2A-B3CF-507293F159AC}.Debug|Any CPU.ActiveCfg = Debug|Any CPU
		{1E92237F-3A46-4E2A-B3CF-507293F159AC}.Debug|Any CPU.Build.0 = Debug|Any CPU
		{1E92237F-3A46-4E2A-B3CF-507293F159AC}.Release|Any CPU.ActiveCfg = Release|Any CPU
		{1E92237F-3A46-4E2A-B3CF-507293F159AC}.Release|Any CPU.Build.0 = Release|Any CPU
		{272ECA5E-45E4-46D2-82BC-794C4F3CE4DB}.Debug|Any CPU.ActiveCfg = Debug|Any CPU
		{272ECA5E-45E4-46D2-82BC-794C4F3CE4DB}.Debug|Any CPU.Build.0 = Debug|Any CPU
		{272ECA5E-45E4-46D2-82BC-794C4F3CE4DB}.Release|Any CPU.ActiveCfg = Release|Any CPU
		{272ECA5E-45E4-46D2-82BC-794C4F3CE4DB}.Release|Any CPU.Build.0 = Release|Any CPU
		{9E38609C-10E6-4671-8D38-C08093EE5E9B}.Debug|Any CPU.ActiveCfg = Debug|Any CPU
		{9E38609C-10E6-4671-8D38-C08093EE5E9B}.Debug|Any CPU.Build.0 = Debug|Any CPU
		{9E38609C-10E6-4671-8D38-C08093EE5E9B}.Release|Any CPU.ActiveCfg = Release|Any CPU
		{9E38609C-10E6-4671-8D38-C08093EE5E9B}.Release|Any CPU.Build.0 = Release|Any CPU
		{070C13E6-6BBD-4B6C-9453-484781D6982D}.Debug|Any CPU.ActiveCfg = Debug|Any CPU
		{070C13E6-6BBD-4B6C-9453-484781D6982D}.Debug|Any CPU.Build.0 = Debug|Any CPU
		{070C13E6-6BBD-4B6C-9453-484781D6982D}.Release|Any CPU.ActiveCfg = Release|Any CPU
		{070C13E6-6BBD-4B6C-9453-484781D6982D}.Release|Any CPU.Build.0 = Release|Any CPU
		{DF4E99E7-1E98-4A3E-94A6-73151A42FD62}.Debug|Any CPU.ActiveCfg = Debug|Any CPU
		{DF4E99E7-1E98-4A3E-94A6-73151A42FD62}.Debug|Any CPU.Build.0 = Debug|Any CPU
		{DF4E99E7-1E98-4A3E-94A6-73151A42FD62}.Release|Any CPU.ActiveCfg = Release|Any CPU
		{DF4E99E7-1E98-4A3E-94A6-73151A42FD62}.Release|Any CPU.Build.0 = Release|Any CPU
		{144581A6-3720-4374-8E9A-3D94CD58AAF8}.Debug|Any CPU.ActiveCfg = Debug|Any CPU
		{144581A6-3720-4374-8E9A-3D94CD58AAF8}.Debug|Any CPU.Build.0 = Debug|Any CPU
		{144581A6-3720-4374-8E9A-3D94CD58AAF8}.Release|Any CPU.ActiveCfg = Release|Any CPU
		{144581A6-3720-4374-8E9A-3D94CD58AAF8}.Release|Any CPU.Build.0 = Release|Any CPU
		{309A9DD1-2D28-4015-BC69-0733DD27EC9B}.Debug|Any CPU.ActiveCfg = Debug|Any CPU
		{309A9DD1-2D28-4015-BC69-0733DD27EC9B}.Debug|Any CPU.Build.0 = Debug|Any CPU
		{309A9DD1-2D28-4015-BC69-0733DD27EC9B}.Release|Any CPU.ActiveCfg = Release|Any CPU
		{309A9DD1-2D28-4015-BC69-0733DD27EC9B}.Release|Any CPU.Build.0 = Release|Any CPU
	EndGlobalSection
	GlobalSection(SolutionProperties) = preSolution
		HideSolutionNode = FALSE
	EndGlobalSection
	GlobalSection(NestedProjects) = preSolution
		{4419D7F1-7C09-471A-AFCA-5198E0D9C19A} = {0A518DEE-3855-425A-A56E-E1BA24B914E4}
		{14AA5044-92C9-4508-A93D-E8728023C0A6} = {4419D7F1-7C09-471A-AFCA-5198E0D9C19A}
		{44F29BFD-763D-40BC-B939-538E6603BC47} = {4419D7F1-7C09-471A-AFCA-5198E0D9C19A}
		{6AE6DEE8-0FE2-4E59-BA9D-641BAFC59DAE} = {4419D7F1-7C09-471A-AFCA-5198E0D9C19A}
		{8F24ED9C-549A-46FA-8FAC-30193B04AD06} = {4419D7F1-7C09-471A-AFCA-5198E0D9C19A}
		{1E92237F-3A46-4E2A-B3CF-507293F159AC} = {4419D7F1-7C09-471A-AFCA-5198E0D9C19A}
		{272ECA5E-45E4-46D2-82BC-794C4F3CE4DB} = {4419D7F1-7C09-471A-AFCA-5198E0D9C19A}
		{E9ECA314-724C-4300-A908-E17537C8D9E0} = {0A518DEE-3855-425A-A56E-E1BA24B914E4}
		{9E38609C-10E6-4671-8D38-C08093EE5E9B} = {E9ECA314-724C-4300-A908-E17537C8D9E0}
		{070C13E6-6BBD-4B6C-9453-484781D6982D} = {E9ECA314-724C-4300-A908-E17537C8D9E0}
		{DF4E99E7-1E98-4A3E-94A6-73151A42FD62} = {E9ECA314-724C-4300-A908-E17537C8D9E0}
		{144581A6-3720-4374-8E9A-3D94CD58AAF8} = {E9ECA314-724C-4300-A908-E17537C8D9E0}
		{309A9DD1-2D28-4015-BC69-0733DD27EC9B} = {E9ECA314-724C-4300-A908-E17537C8D9E0}
	EndGlobalSection
	GlobalSection(ExtensibilityGlobals) = postSolution
		SolutionGuid = {1CAF585A-D02B-4FCE-9842-BB90B7E03DEE}
	EndGlobalSection
EndGlobal
